<?xml version="1.0" encoding="utf-8"?>
<Project ToolsVersion="4.0" xmlns="http://schemas.microsoft.com/developer/msbuild/2003">
  <ItemGroup>
    <Filter Include="Private">
      <UniqueIdentifier>{36725880-24cb-46da-b608-49931f48cf95}</UniqueIdentifier>
    </Filter>
    <Filter Include="Private\Common">
      <UniqueIdentifier>{09b63538-9a0a-4248-b025-1838292803a6}</UniqueIdentifier>
    </Filter>
    <Filter Include="Public">
      <UniqueIdentifier>{00539dcd-94c6-4f67-b9ab-62991e44cffa}</UniqueIdentifier>
    </Filter>
    <Filter Include="Public\Common">
      <UniqueIdentifier>{7e59fb62-888b-4c5f-b711-17143f2ff050}</UniqueIdentifier>
    </Filter>
  </ItemGroup>
  <ItemGroup>
    <ClCompile Include="src\State-Driven\Private\Elsa.cpp" />
    <ClCompile Include="src\State-Driven\Private\ElsaStates.cpp" />
    <ClCompile Include="src\State-Driven\Private\Miner.cpp" />
    <ClCompile Include="src\State-Driven\Private\MinerStates.cpp" />
    <ClCompile Include="src\main.cpp" />
    <ClCompile Include="src\Common\Private\Entities\BaseGameEntity.cpp" />
    <ClCompile Include="src\Common\Private\Entities\EntityManager.cpp" />
    <ClCompile Include="src\Common\Private\Messaging\MessageDispatcher.cpp" />
    <ClCompile Include="src\Common\Private\Time\CrudeTimer.cpp" />
    <ClCompile Include="src\Common\Private\2D\Vector2D.cpp" />
    <ClCompile Include="src\Common\Private\Entities\MovingEntity.cpp" />
    <ClCompile Include="src\Common\Private\2D\C2DMatrix.cpp" />
    <ClCompile Include="src\Steering-Behaviours\Private\Vehicle.cpp" />
  </ItemGroup>
  <ItemGroup>
    <ClInclude Include="src\State-Driven\Public\Elsa.h" />
    <ClInclude Include="src\State-Driven\Public\ElsaStates.h" />
    <ClInclude Include="src\State-Driven\Public\Locations.h" />
    <ClInclude Include="src\State-Driven\Public\Miner.h" />
    <ClInclude Include="src\State-Driven\Public\MinerStates.h" />
    <ClInclude Include="src\Common\Public\Entities\BaseGameEntity.h" />
    <ClInclude Include="src\Common\Public\Entities\EntityManager.h" />
    <ClInclude Include="src\Common\Public\Entities\EntityNames.h" />
    <ClInclude Include="src\Common\Public\FSM\State.h" />
    <ClInclude Include="src\Common\Public\FSM\StateMachine.h" />
    <ClInclude Include="src\Common\Public\Messaging\MessageDispatcher.h" />
    <ClInclude Include="src\Common\Public\Messaging\MessageTypes.h" />
    <ClInclude Include="src\Common\Public\Messaging\Telegram.h" />
    <ClInclude Include="src\Common\Public\Misc\ConsoleUtils.h" />
    <ClInclude Include="src\Common\Public\Misc\Utils.h" />
    <ClInclude Include="src\Common\Public\Time\CrudeTimer.h" />
    <ClInclude Include="src\Common\Public\Entities\MovingEntity.h" />
    <ClInclude Include="src\Common\Public\2D\Vector2D.h" />
    <ClInclude Include="src\Common\Public\2D\C2DMatrix.h" />
    <ClInclude Include="src\Steering-Behaviours\Public\Vehicle.h" />
    <ClInclude Include="src\Common\Public\Misc\Smoother.h" />
    <ClInclude Include="src\Common\Public\2D\Transformations.h" />
    <ClInclude Include="src\Steering-Behaviours\Public\GameWorld.h" />
  </ItemGroup>
</Project>