<?xml version="1.0" encoding="utf-8"?>
<Project ToolsVersion="4.0" xmlns="http://schemas.microsoft.com/developer/msbuild/2003">
  <ItemGroup>
    <Filter Include="Private">
      <UniqueIdentifier>{36725880-24cb-46da-b608-49931f48cf95}</UniqueIdentifier>
    </Filter>
    <Filter Include="Private\Common">
      <UniqueIdentifier>{09b63538-9a0a-4248-b025-1838292803a6}</UniqueIdentifier>
    </Filter>
    <Filter Include="Public">
      <UniqueIdentifier>{00539dcd-94c6-4f67-b9ab-62991e44cffa}</UniqueIdentifier>
    </Filter>
    <Filter Include="Public\Common">
      <UniqueIdentifier>{7e59fb62-888b-4c5f-b711-17143f2ff050}</UniqueIdentifier>
    </Filter>
  </ItemGroup>
</Project>